
Microsoft Visual Studio Solution File, Format Version 12.00
# Visual Studio 15
VisualStudioVersion = 15.0.26430.13
MinimumVisualStudioVersion = 10.0.40219.1
Project("{FAE04EC0-301F-11D3-BF4B-00C04F79EFBC}") = "postman_identity_server_4_aspnetcore", "postman_identity_server_4_aspnetcore\postman_identity_server_4_aspnetcore.csproj", "{980FAF83-4D2F-4B99-BD12-63D001BDF9A0}"
EndProject
Project("{9A19103F-16F7-4668-BE54-9A1E7A4F7556}") = "QuickstartIdentityServer", "..\QuickstartIdentityServer\QuickstartIdentityServer.csproj", "{C0EEBDED-24CE-4719-A117-3EE6DFD2349D}"
EndProject
Global
	GlobalSection(SolutionConfigurationPlatforms) = preSolution
		Debug|Any CPU = Debug|Any CPU
		Release|Any CPU = Release|Any CPU
	EndGlobalSection
	GlobalSection(ProjectConfigurationPlatforms) = postSolution
		{980FAF83-4D2F-4B99-BD12-63D001BDF9A0}.Debug|Any CPU.ActiveCfg = Debug|Any CPU
		{980FAF83-4D2F-4B99-BD12-63D001BDF9A0}.Debug|Any CPU.Build.0 = Debug|Any CPU
		{980FAF83-4D2F-4B99-BD12-63D001BDF9A0}.Release|Any CPU.ActiveCfg = Release|Any CPU
		{980FAF83-4D2F-4B99-BD12-63D001BDF9A0}.Release|Any CPU.Build.0 = Release|Any CPU
		{C0EEBDED-24CE-4719-A117-3EE6DFD2349D}.Debug|Any CPU.ActiveCfg = Debug|Any CPU
		{C0EEBDED-24CE-4719-A117-3EE6DFD2349D}.Debug|Any CPU.Build.0 = Debug|Any CPU
		{C0EEBDED-24CE-4719-A117-3EE6DFD2349D}.Release|Any CPU.ActiveCfg = Release|Any CPU
		{C0EEBDED-24CE-4719-A117-3EE6DFD2349D}.Release|Any CPU.Build.0 = Release|Any CPU
	EndGlobalSection
	GlobalSection(SolutionProperties) = preSolution
		HideSolutionNode = FALSE
	EndGlobalSection
EndGlobal
